
Microsoft Visual Studio Solution File, Format Version 12.00
# Visual Studio Version 17
VisualStudioVersion = 17.6.33723.286
MinimumVisualStudioVersion = 10.0.40219.1
Project("{FAE04EC0-301F-11D3-BF4B-00C04F79EFBC}") = "Quản ly đăng ký môn học và thanh toán học phí", "Quản ly đăng ký môn học và thanh toán học phí\Quản ly đăng ký môn học và thanh toán học phí.csproj", "{DA0B77AE-B3CE-4768-A288-348204D8441A}"
EndProject
Global
	GlobalSection(SolutionConfigurationPlatforms) = preSolution
		Debug|Any CPU = Debug|Any CPU
		Release|Any CPU = Release|Any CPU
	EndGlobalSection
	GlobalSection(ProjectConfigurationPlatforms) = postSolution
		{DA0B77AE-B3CE-4768-A288-348204D8441A}.Debug|Any CPU.ActiveCfg = Debug|Any CPU
		{DA0B77AE-B3CE-4768-A288-348204D8441A}.Debug|Any CPU.Build.0 = Debug|Any CPU
		{DA0B77AE-B3CE-4768-A288-348204D8441A}.Release|Any CPU.ActiveCfg = Release|Any CPU
		{DA0B77AE-B3CE-4768-A288-348204D8441A}.Release|Any CPU.Build.0 = Release|Any CPU
	EndGlobalSection
	GlobalSection(SolutionProperties) = preSolution
		HideSolutionNode = FALSE
	EndGlobalSection
	GlobalSection(ExtensibilityGlobals) = postSolution
		SolutionGuid = {C7987C8F-04BA-4D09-A4E7-2BD2B31E141F}
	EndGlobalSection
EndGlobal
